{
  "name": "@different-ai/openwork-workspace",
  "version": "0.0.0",
  "lockfileVersion": 3,
  "requires": true,
  "packages": {
    "": {
      "name": "@different-ai/openwork-workspace",
      "version": "0.0.0",
      "dependencies": {
        "microsandbox": "^0.3.12"
      },
      "devDependencies": {
        "turbo": "^2.5.5"
      }
    },
    "node_modules/@superradcompany/microsandbox-darwin-arm64": {
      "version": "0.3.12",
      "resolved": "https://registry.npmjs.org/@superradcompany/microsandbox-darwin-arm64/-/microsandbox-darwin-arm64-0.3.12.tgz",
      "integrity": "sha512-RSOhkzmfXHTvm8+R2qcRihTGv5kRSL164rfs4q3gAigHFtTfYAUI2c+R6oX01b0V6/HBfvdrJKzihRpkrxQIWA==",
      "cpu": [
        "arm64"
      ],
      "license": "Apache-2.0",
      "optional": true,
      "os": [
        "darwin"
      ],
      "engines": {
        "node": ">= 18"
      }
    },
    "node_modules/@superradcompany/microsandbox-linux-arm64-gnu": {
      "version": "0.3.12",
      "resolved": "https://registry.npmjs.org/@superradcompany/microsandbox-linux-arm64-gnu/-/microsandbox-linux-arm64-gnu-0.3.12.tgz",
      "integrity": "sha512-i5EiP8ZrNgOjNghBsvRqk5bZNKyaMFIGd/AvN/7tDKDYcffMdj/lAtQlwjIxHojlyeBzK3qor4idUG+GCVqyHA==",
      "cpu": [
        "arm64"
      ],
      "license": "Apache-2.0",
      "optional": true,
      "os": [
        "linux"
      ],
      "engines": {
        "node": ">= 18"
      }
    },
    "node_modules/@superradcompany/microsandbox-linux-x64-gnu": {
      "version": "0.3.12",
      "resolved": "https://registry.npmjs.org/@superradcompany/microsandbox-linux-x64-gnu/-/microsandbox-linux-x64-gnu-0.3.12.tgz",
      "integrity": "sha512-v34c42HhltWI/jNp9ciDO3y+fqIh7KLg4XZ4o+X/h2aL+1n7dEHwx/LGBDuLsRxq6pt78pdZrMT54AdazK6A0g==",
      "cpu": [
        "x64"
      ],
      "license": "Apache-2.0",
      "optional": true,
      "os": [
        "linux"
      ],
      "engines": {
        "node": ">= 18"
      }
    },
    "node_modules/@turbo/darwin-64": {
      "version": "2.9.4",
      "resolved": "https://registry.npmjs.org/@turbo/darwin-64/-/darwin-64-2.9.4.tgz",
      "integrity": "sha512-ZSlPqJ5Vqg/wgVw8P3AOVCIosnbBilOxLq7TMz3MN/9U46DUYfdG2jtfevNDufyxyrg98pcPs/GBgDRaaids6g==",
      "cpu": [
        "x64"
      ],
      "dev": true,
      "license": "MIT",
      "optional": true,
      "os": [
        "darwin"
      ]
    },
    "node_modules/@turbo/darwin-arm64": {
      "version": "2.9.4",
      "resolved": "https://registry.npmjs.org/@turbo/darwin-arm64/-/darwin-arm64-2.9.4.tgz",
      "integrity": "sha512-9cjTWe4OiNlFMSRggPNh+TJlRs7MS5FWrHc96MOzft5vESWjjpvaadYPv5ykDW7b45mVHOF2U/W+48LoX9USWw==",
      "cpu": [
        "arm64"
      ],
      "dev": true,
      "license": "MIT",
      "optional": true,
      "os": [
        "darwin"
      ]
    },
    "node_modules/@turbo/linux-64": {
      "version": "2.9.4",
      "resolved": "https://registry.npmjs.org/@turbo/linux-64/-/linux-64-2.9.4.tgz",
      "integrity": "sha512-Cl1GjxqBXQ+r9KKowmXG+lhD1gclLp48/SE7NxL//66iaMytRw0uiphWGOkccD92iPiRjHLRUaA9lOTtgr5OCA==",
      "cpu": [
        "x64"
      ],
      "dev": true,
      "license": "MIT",
      "optional": true,
      "os": [
        "linux"
      ]
    },
    "node_modules/@turbo/linux-arm64": {
      "version": "2.9.4",
      "resolved": "https://registry.npmjs.org/@turbo/linux-arm64/-/linux-arm64-2.9.4.tgz",
      "integrity": "sha512-j2hPAKVmGNN2EsKigEWD+43y9m7zaPhNAs6ptsyfq0u7evHHBAXAwOfv86OEMg/gvC+pwGip0i1CIm1bR1vYug==",
      "cpu": [
        "arm64"
      ],
      "dev": true,
      "license": "MIT",
      "optional": true,
      "os": [
        "linux"
      ]
    },
    "node_modules/@turbo/windows-64": {
      "version": "2.9.4",
      "resolved": "https://registry.npmjs.org/@turbo/windows-64/-/windows-64-2.9.4.tgz",
      "integrity": "sha512-1jWPjCe9ZRmsDTXE7uzqfySNQspnUx0g6caqvwps+k/sc+fm9hC/4zRQKlXZLbVmP3Xxp601Ju71boegHdnYGw==",
      "cpu": [
        "x64"
      ],
      "dev": true,
      "license": "MIT",
      "optional": true,
      "os": [
        "win32"
      ]
    },
    "node_modules/@turbo/windows-arm64": {
      "version": "2.9.4",
      "resolved": "https://registry.npmjs.org/@turbo/windows-arm64/-/windows-arm64-2.9.4.tgz",
      "integrity": "sha512-dlko15TQVu/BFYmIY018Y3covWMRQlUgAkD+OOk+Rokcfj6VY02Vv4mCfT/Zns6B4q8jGbOd6IZhnCFYsE8Viw==",
      "cpu": [
        "arm64"
      ],
      "dev": true,
      "license": "MIT",
      "optional": true,
      "os": [
        "win32"
      ]
    },
    "node_modules/microsandbox": {
      "version": "0.3.12",
      "resolved": "https://registry.npmjs.org/microsandbox/-/microsandbox-0.3.12.tgz",
      "integrity": "sha512-XnP7HzDXNB+0WQnLT1/O3G/DcNxhs1JHJPPRx+Kzcwfee9jsoziGCM/jJ+pItZeybl9mIm6AzVLpYQR285We0g==",
      "hasInstallScript": true,
      "license": "Apache-2.0",
      "engines": {
        "node": ">= 18"
      },
      "optionalDependencies": {
        "@superradcompany/microsandbox-darwin-arm64": "0.3.12",
        "@superradcompany/microsandbox-linux-arm64-gnu": "0.3.12",
        "@superradcompany/microsandbox-linux-x64-gnu": "0.3.12"
      }
    },
    "node_modules/turbo": {
      "version": "2.9.4",
      "resolved": "https://registry.npmjs.org/turbo/-/turbo-2.9.4.tgz",
      "integrity": "sha512-wZ/kMcZCuK5oEp7sXSSo/5fzKjP9I2EhoiarZjyCm2Ixk0WxFrC/h0gF3686eHHINoFQOOSWgB/pGfvkR8rkgQ==",
      "dev": true,
      "license": "MIT",
      "bin": {
        "turbo": "bin/turbo"
      },
      "optionalDependencies": {
        "@turbo/darwin-64": "2.9.4",
        "@turbo/darwin-arm64": "2.9.4",
        "@turbo/linux-64": "2.9.4",
        "@turbo/linux-arm64": "2.9.4",
        "@turbo/windows-64": "2.9.4",
        "@turbo/windows-arm64": "2.9.4"
      }
    }
  }
}
